
Microsoft Visual Studio Solution File, Format Version 12.00
# Visual Studio 14
VisualStudioVersion = 14.0.25420.1
MinimumVisualStudioVersion = 10.0.40219.1
Project("{FAE04EC0-301F-11D3-BF4B-00C04F79EFBC}") = "WebApi", "WebApi\WebApi.csproj", "{7252F150-FA1B-462B-BB5C-E9FB5630974D}"
EndProject
Project("{FAE04EC0-301F-11D3-BF4B-00C04F79EFBC}") = "Client", "Client\Client.csproj", "{18534A24-0FB1-41F0-ADA9-6A4FA565CCB5}"
EndProject
Global
	GlobalSection(SolutionConfigurationPlatforms) = preSolution
		Debug|Any CPU = Debug|Any CPU
		Release|Any CPU = Release|Any CPU
	EndGlobalSection
	GlobalSection(ProjectConfigurationPlatforms) = postSolution
		{7252F150-FA1B-462B-BB5C-E9FB5630974D}.Debug|Any CPU.ActiveCfg = Debug|Any CPU
		{7252F150-FA1B-462B-BB5C-E9FB5630974D}.Debug|Any CPU.Build.0 = Debug|Any CPU
		{7252F150-FA1B-462B-BB5C-E9FB5630974D}.Release|Any CPU.ActiveCfg = Release|Any CPU
		{7252F150-FA1B-462B-BB5C-E9FB5630974D}.Release|Any CPU.Build.0 = Release|Any CPU
		{18534A24-0FB1-41F0-ADA9-6A4FA565CCB5}.Debug|Any CPU.ActiveCfg = Debug|Any CPU
		{18534A24-0FB1-41F0-ADA9-6A4FA565CCB5}.Debug|Any CPU.Build.0 = Debug|Any CPU
		{18534A24-0FB1-41F0-ADA9-6A4FA565CCB5}.Release|Any CPU.ActiveCfg = Release|Any CPU
		{18534A24-0FB1-41F0-ADA9-6A4FA565CCB5}.Release|Any CPU.Build.0 = Release|Any CPU
	EndGlobalSection
	GlobalSection(SolutionProperties) = preSolution
		HideSolutionNode = FALSE
	EndGlobalSection
EndGlobal
